
Microsoft Visual Studio Solution File, Format Version 12.00
# Visual Studio Version 17
VisualStudioVersion = 17.7.34031.279
MinimumVisualStudioVersion = 10.0.40219.1
Project("{FAE04EC0-301F-11D3-BF4B-00C04F79EFBC}") = "emailSenderFunction", "emailSenderFunction.csproj", "{F2F23C93-BF6E-456A-BF53-5633C1CC7538}"
EndProject
Global
	GlobalSection(SolutionConfigurationPlatforms) = preSolution
		Debug|Any CPU = Debug|Any CPU
		Release|Any CPU = Release|Any CPU
	EndGlobalSection
	GlobalSection(ProjectConfigurationPlatforms) = postSolution
		{F2F23C93-BF6E-456A-BF53-5633C1CC7538}.Debug|Any CPU.ActiveCfg = Debug|Any CPU
		{F2F23C93-BF6E-456A-BF53-5633C1CC7538}.Debug|Any CPU.Build.0 = Debug|Any CPU
		{F2F23C93-BF6E-456A-BF53-5633C1CC7538}.Release|Any CPU.ActiveCfg = Release|Any CPU
		{F2F23C93-BF6E-456A-BF53-5633C1CC7538}.Release|Any CPU.Build.0 = Release|Any CPU
	EndGlobalSection
	GlobalSection(SolutionProperties) = preSolution
		HideSolutionNode = FALSE
	EndGlobalSection
	GlobalSection(ExtensibilityGlobals) = postSolution
		SolutionGuid = {64673A03-6EC4-4A07-9823-EE5D0F9B4AF1}
	EndGlobalSection
EndGlobal
